// !$*UTF8*$!
{
	archiveVersion = 1;
	classes = {
	};
	objectVersion = 55;
	objects = {

/* Begin PBXBuildFile section */
		A52DEAE8275BC4D40033BAA8 /* LocalFileManager.swift in Sources */ = {isa = PBXBuildFile; fileRef = A52DEAE7275BC4D40033BAA8 /* LocalFileManager.swift */; };
		A52DEAEA275BC8890033BAA8 /* PrintConsole.swift in Sources */ = {isa = PBXBuildFile; fileRef = A52DEAE9275BC8890033BAA8 /* PrintConsole.swift */; };
		A52DEAEC275BE1E00033BAA8 /* SearchBarView.swift in Sources */ = {isa = PBXBuildFile; fileRef = A52DEAEB275BE1E00033BAA8 /* SearchBarView.swift */; };
		A52DEAEE275BE76D0033BAA8 /* UIApplicationExtension.swift in Sources */ = {isa = PBXBuildFile; fileRef = A52DEAED275BE76D0033BAA8 /* UIApplicationExtension.swift */; };
		A552B2D42753CDAD00F1EB5E /* CryptoAppApp.swift in Sources */ = {isa = PBXBuildFile; fileRef = A552B2D32753CDAD00F1EB5E /* CryptoAppApp.swift */; };
		A552B2DB2753CDAF00F1EB5E /* Preview Assets.xcassets in Resources */ = {isa = PBXBuildFile; fileRef = A552B2DA2753CDAF00F1EB5E /* Preview Assets.xcassets */; };
		A552B2E22753CE0300F1EB5E /* Assets.xcassets in Resources */ = {isa = PBXBuildFile; fileRef = A552B2E12753CE0300F1EB5E /* Assets.xcassets */; };
		A552B2E52753CE6F00F1EB5E /* ColorExtension.swift in Sources */ = {isa = PBXBuildFile; fileRef = A552B2E42753CE6F00F1EB5E /* ColorExtension.swift */; };
		A552B2EB2753CF5A00F1EB5E /* HomeView.swift in Sources */ = {isa = PBXBuildFile; fileRef = A552B2EA2753CF5A00F1EB5E /* HomeView.swift */; };
		A552B2EF2753D06C00F1EB5E /* CircleButtonView.swift in Sources */ = {isa = PBXBuildFile; fileRef = A552B2EE2753D06C00F1EB5E /* CircleButtonView.swift */; };
		A552B2F12753D26500F1EB5E /* CircleButtonAnimationView.swift in Sources */ = {isa = PBXBuildFile; fileRef = A552B2F02753D26500F1EB5E /* CircleButtonAnimationView.swift */; };
		A552B2F42753D4E800F1EB5E /* CoinModel.swift in Sources */ = {isa = PBXBuildFile; fileRef = A552B2F32753D4E800F1EB5E /* CoinModel.swift */; };
		A552B2F62753DB8B00F1EB5E /* CoinRowView.swift in Sources */ = {isa = PBXBuildFile; fileRef = A552B2F52753DB8B00F1EB5E /* CoinRowView.swift */; };
		A552B2F82753DC7100F1EB5E /* PreviewProviderExtension.swift in Sources */ = {isa = PBXBuildFile; fileRef = A552B2F72753DC7100F1EB5E /* PreviewProviderExtension.swift */; };
		A552B2FA2753E06A00F1EB5E /* DoubleExtension.swift in Sources */ = {isa = PBXBuildFile; fileRef = A552B2F92753E06A00F1EB5E /* DoubleExtension.swift */; };
		A552B2FC2753E6B800F1EB5E /* ViewExtension.swift in Sources */ = {isa = PBXBuildFile; fileRef = A552B2FB2753E6B800F1EB5E /* ViewExtension.swift */; };
		A552B2FE2753EB9600F1EB5E /* HomeViewModel.swift in Sources */ = {isa = PBXBuildFile; fileRef = A552B2FD2753EB9600F1EB5E /* HomeViewModel.swift */; };
		A552B3012753F0E800F1EB5E /* CoinDataService.swift in Sources */ = {isa = PBXBuildFile; fileRef = A552B3002753F0E800F1EB5E /* CoinDataService.swift */; };
		A552B3042753F9DF00F1EB5E /* NetworkingManager.swift in Sources */ = {isa = PBXBuildFile; fileRef = A552B3032753F9DF00F1EB5E /* NetworkingManager.swift */; };
		A552B3072754005200F1EB5E /* CoinImageView.swift in Sources */ = {isa = PBXBuildFile; fileRef = A552B3062754005200F1EB5E /* CoinImageView.swift */; };
		A552B3092754009C00F1EB5E /* CoinImageViewModel.swift in Sources */ = {isa = PBXBuildFile; fileRef = A552B3082754009C00F1EB5E /* CoinImageViewModel.swift */; };
		A552B30B275401A300F1EB5E /* CoinImageService.swift in Sources */ = {isa = PBXBuildFile; fileRef = A552B30A275401A300F1EB5E /* CoinImageService.swift */; };
		A5A711D12764CC9E00478119 /* StatisticModel.swift in Sources */ = {isa = PBXBuildFile; fileRef = A5A711D02764CC9E00478119 /* StatisticModel.swift */; };
		A5A711D32764CE4B00478119 /* StatisticView.swift in Sources */ = {isa = PBXBuildFile; fileRef = A5A711D22764CE4B00478119 /* StatisticView.swift */; };
		A5A711D52764D16F00478119 /* HomeStatsView.swift in Sources */ = {isa = PBXBuildFile; fileRef = A5A711D42764D16F00478119 /* HomeStatsView.swift */; };
/* End PBXBuildFile section */

/* Begin PBXFileReference section */
		A52DEAE7275BC4D40033BAA8 /* LocalFileManager.swift */ = {isa = PBXFileReference; lastKnownFileType = sourcecode.swift; path = LocalFileManager.swift; sourceTree = "<group>"; };
		A52DEAE9275BC8890033BAA8 /* PrintConsole.swift */ = {isa = PBXFileReference; lastKnownFileType = sourcecode.swift; path = PrintConsole.swift; sourceTree = "<group>"; };
		A52DEAEB275BE1E00033BAA8 /* SearchBarView.swift */ = {isa = PBXFileReference; lastKnownFileType = sourcecode.swift; path = SearchBarView.swift; sourceTree = "<group>"; };
		A52DEAED275BE76D0033BAA8 /* UIApplicationExtension.swift */ = {isa = PBXFileReference; lastKnownFileType = sourcecode.swift; path = UIApplicationExtension.swift; sourceTree = "<group>"; };
		A552B2D02753CDAD00F1EB5E /* Crypto Tracker.app */ = {isa = PBXFileReference; explicitFileType = wrapper.application; includeInIndex = 0; path = "Crypto Tracker.app"; sourceTree = BUILT_PRODUCTS_DIR; };
		A552B2D32753CDAD00F1EB5E /* CryptoAppApp.swift */ = {isa = PBXFileReference; lastKnownFileType = sourcecode.swift; path = CryptoAppApp.swift; sourceTree = "<group>"; };
		A552B2DA2753CDAF00F1EB5E /* Preview Assets.xcassets */ = {isa = PBXFileReference; lastKnownFileType = folder.assetcatalog; path = "Preview Assets.xcassets"; sourceTree = "<group>"; };
		A552B2E12753CE0300F1EB5E /* Assets.xcassets */ = {isa = PBXFileReference; lastKnownFileType = folder.assetcatalog; name = Assets.xcassets; path = ../../../../Downloads/Resources/Assets.xcassets; sourceTree = "<group>"; };
		A552B2E42753CE6F00F1EB5E /* ColorExtension.swift */ = {isa = PBXFileReference; lastKnownFileType = sourcecode.swift; path = ColorExtension.swift; sourceTree = "<group>"; };
		A552B2EA2753CF5A00F1EB5E /* HomeView.swift */ = {isa = PBXFileReference; lastKnownFileType = sourcecode.swift; path = HomeView.swift; sourceTree = "<group>"; };
		A552B2EE2753D06C00F1EB5E /* CircleButtonView.swift */ = {isa = PBXFileReference; lastKnownFileType = sourcecode.swift; path = CircleButtonView.swift; sourceTree = "<group>"; };
		A552B2F02753D26500F1EB5E /* CircleButtonAnimationView.swift */ = {isa = PBXFileReference; lastKnownFileType = sourcecode.swift; path = CircleButtonAnimationView.swift; sourceTree = "<group>"; };
		A552B2F32753D4E800F1EB5E /* CoinModel.swift */ = {isa = PBXFileReference; lastKnownFileType = sourcecode.swift; path = CoinModel.swift; sourceTree = "<group>"; };
		A552B2F52753DB8B00F1EB5E /* CoinRowView.swift */ = {isa = PBXFileReference; lastKnownFileType = sourcecode.swift; path = CoinRowView.swift; sourceTree = "<group>"; };
		A552B2F72753DC7100F1EB5E /* PreviewProviderExtension.swift */ = {isa = PBXFileReference; lastKnownFileType = sourcecode.swift; path = PreviewProviderExtension.swift; sourceTree = "<group>"; };
		A552B2F92753E06A00F1EB5E /* DoubleExtension.swift */ = {isa = PBXFileReference; lastKnownFileType = sourcecode.swift; path = DoubleExtension.swift; sourceTree = "<group>"; };
		A552B2FB2753E6B800F1EB5E /* ViewExtension.swift */ = {isa = PBXFileReference; lastKnownFileType = sourcecode.swift; path = ViewExtension.swift; sourceTree = "<group>"; };
		A552B2FD2753EB9600F1EB5E /* HomeViewModel.swift */ = {isa = PBXFileReference; lastKnownFileType = sourcecode.swift; path = HomeViewModel.swift; sourceTree = "<group>"; };
		A552B3002753F0E800F1EB5E /* CoinDataService.swift */ = {isa = PBXFileReference; lastKnownFileType = sourcecode.swift; path = CoinDataService.swift; sourceTree = "<group>"; };
		A552B3032753F9DF00F1EB5E /* NetworkingManager.swift */ = {isa = PBXFileReference; lastKnownFileType = sourcecode.swift; path = NetworkingManager.swift; sourceTree = "<group>"; };
		A552B3062754005200F1EB5E /* CoinImageView.swift */ = {isa = PBXFileReference; lastKnownFileType = sourcecode.swift; path = CoinImageView.swift; sourceTree = "<group>"; };
		A552B3082754009C00F1EB5E /* CoinImageViewModel.swift */ = {isa = PBXFileReference; lastKnownFileType = sourcecode.swift; path = CoinImageViewModel.swift; sourceTree = "<group>"; };
		A552B30A275401A300F1EB5E /* CoinImageService.swift */ = {isa = PBXFileReference; lastKnownFileType = sourcecode.swift; path = CoinImageService.swift; sourceTree = "<group>"; };
		A5A711D02764CC9E00478119 /* StatisticModel.swift */ = {isa = PBXFileReference; lastKnownFileType = sourcecode.swift; path = StatisticModel.swift; sourceTree = "<group>"; };
		A5A711D22764CE4B00478119 /* StatisticView.swift */ = {isa = PBXFileReference; lastKnownFileType = sourcecode.swift; path = StatisticView.swift; sourceTree = "<group>"; };
		A5A711D42764D16F00478119 /* HomeStatsView.swift */ = {isa = PBXFileReference; lastKnownFileType = sourcecode.swift; path = HomeStatsView.swift; sourceTree = "<group>"; };
/* End PBXFileReference section */

/* Begin PBXFrameworksBuildPhase section */
		A552B2CD2753CDAD00F1EB5E /* Frameworks */ = {
			isa = PBXFrameworksBuildPhase;
			buildActionMask = 2147483647;
			files = (
			);
			runOnlyForDeploymentPostprocessing = 0;
		};
/* End PBXFrameworksBuildPhase section */

/* Begin PBXGroup section */
		A552B2C72753CDAD00F1EB5E = {
			isa = PBXGroup;
			children = (
				A552B2D22753CDAD00F1EB5E /* CryptoApp */,
				A552B2D12753CDAD00F1EB5E /* Products */,
			);
			sourceTree = "<group>";
		};
		A552B2D12753CDAD00F1EB5E /* Products */ = {
			isa = PBXGroup;
			children = (
				A552B2D02753CDAD00F1EB5E /* Crypto Tracker.app */,
			);
			name = Products;
			sourceTree = "<group>";
		};
		A552B2D22753CDAD00F1EB5E /* CryptoApp */ = {
			isa = PBXGroup;
			children = (
				A552B2D32753CDAD00F1EB5E /* CryptoAppApp.swift */,
				A552B3022753F9B300F1EB5E /* Utilities */,
				A552B2E32753CE5A00F1EB5E /* Extensions */,
				A552B2FF2753F0C300F1EB5E /* Services */,
				A552B2F22753D4CF00F1EB5E /* Models */,
				A552B2E62753CF2900F1EB5E /* Core */,
				A552B2E12753CE0300F1EB5E /* Assets.xcassets */,
				A552B2D92753CDAF00F1EB5E /* Preview Content */,
			);
			path = CryptoApp;
			sourceTree = "<group>";
		};
		A552B2D92753CDAF00F1EB5E /* Preview Content */ = {
			isa = PBXGroup;
			children = (
				A552B2DA2753CDAF00F1EB5E /* Preview Assets.xcassets */,
			);
			path = "Preview Content";
			sourceTree = "<group>";
		};
		A552B2E32753CE5A00F1EB5E /* Extensions */ = {
			isa = PBXGroup;
			children = (
				A552B2E42753CE6F00F1EB5E /* ColorExtension.swift */,
				A552B2F72753DC7100F1EB5E /* PreviewProviderExtension.swift */,
				A552B2F92753E06A00F1EB5E /* DoubleExtension.swift */,
				A552B2FB2753E6B800F1EB5E /* ViewExtension.swift */,
				A52DEAED275BE76D0033BAA8 /* UIApplicationExtension.swift */,
			);
			path = Extensions;
			sourceTree = "<group>";
		};
		A552B2E62753CF2900F1EB5E /* Core */ = {
			isa = PBXGroup;
			children = (
				A552B2EC2753D04A00F1EB5E /* Components */,
				A552B2E72753CF3900F1EB5E /* Home */,
			);
			path = Core;
			sourceTree = "<group>";
		};
		A552B2E72753CF3900F1EB5E /* Home */ = {
			isa = PBXGroup;
			children = (
				A552B2E92753CF4A00F1EB5E /* ViewModels */,
				A552B2E82753CF4500F1EB5E /* Views */,
			);
			path = Home;
			sourceTree = "<group>";
		};
		A552B2E82753CF4500F1EB5E /* Views */ = {
			isa = PBXGroup;
			children = (
				A552B2EA2753CF5A00F1EB5E /* HomeView.swift */,
				A5A711D42764D16F00478119 /* HomeStatsView.swift */,
				A552B2F52753DB8B00F1EB5E /* CoinRowView.swift */,
			);
			path = Views;
			sourceTree = "<group>";
		};
		A552B2E92753CF4A00F1EB5E /* ViewModels */ = {
			isa = PBXGroup;
			children = (
				A552B2FD2753EB9600F1EB5E /* HomeViewModel.swift */,
			);
			path = ViewModels;
			sourceTree = "<group>";
		};
		A552B2EC2753D04A00F1EB5E /* Components */ = {
			isa = PBXGroup;
			children = (
				A552B3052754004600F1EB5E /* CoinImage */,
				A552B2ED2753D05F00F1EB5E /* CircleButton */,
				A52DEAEB275BE1E00033BAA8 /* SearchBarView.swift */,
				A5A711D22764CE4B00478119 /* StatisticView.swift */,
			);
			path = Components;
			sourceTree = "<group>";
		};
		A552B2ED2753D05F00F1EB5E /* CircleButton */ = {
			isa = PBXGroup;
			children = (
				A552B2EE2753D06C00F1EB5E /* CircleButtonView.swift */,
				A552B2F02753D26500F1EB5E /* CircleButtonAnimationView.swift */,
			);
			path = CircleButton;
			sourceTree = "<group>";
		};
		A552B2F22753D4CF00F1EB5E /* Models */ = {
			isa = PBXGroup;
			children = (
				A552B2F32753D4E800F1EB5E /* CoinModel.swift */,
				A5A711D02764CC9E00478119 /* StatisticModel.swift */,
			);
			path = Models;
			sourceTree = "<group>";
		};
		A552B2FF2753F0C300F1EB5E /* Services */ = {
			isa = PBXGroup;
			children = (
				A552B3002753F0E800F1EB5E /* CoinDataService.swift */,
				A552B30A275401A300F1EB5E /* CoinImageService.swift */,
			);
			path = Services;
			sourceTree = "<group>";
		};
		A552B3022753F9B300F1EB5E /* Utilities */ = {
			isa = PBXGroup;
			children = (
				A552B3032753F9DF00F1EB5E /* NetworkingManager.swift */,
				A52DEAE7275BC4D40033BAA8 /* LocalFileManager.swift */,
				A52DEAE9275BC8890033BAA8 /* PrintConsole.swift */,
			);
			path = Utilities;
			sourceTree = "<group>";
		};
		A552B3052754004600F1EB5E /* CoinImage */ = {
			isa = PBXGroup;
			children = (
				A552B3062754005200F1EB5E /* CoinImageView.swift */,
				A552B3082754009C00F1EB5E /* CoinImageViewModel.swift */,
			);
			path = CoinImage;
			sourceTree = "<group>";
		};
/* End PBXGroup section */

/* Begin PBXNativeTarget section */
		A552B2CF2753CDAD00F1EB5E /* CryptoApp */ = {
			isa = PBXNativeTarget;
			buildConfigurationList = A552B2DE2753CDAF00F1EB5E /* Build configuration list for PBXNativeTarget "CryptoApp" */;
			buildPhases = (
				A552B2CC2753CDAD00F1EB5E /* Sources */,
				A552B2CD2753CDAD00F1EB5E /* Frameworks */,
				A552B2CE2753CDAD00F1EB5E /* Resources */,
			);
			buildRules = (
			);
			dependencies = (
			);
			name = CryptoApp;
			productName = CryptoApp;
			productReference = A552B2D02753CDAD00F1EB5E /* Crypto Tracker.app */;
			productType = "com.apple.product-type.application";
		};
/* End PBXNativeTarget section */

/* Begin PBXProject section */
		A552B2C82753CDAD00F1EB5E /* Project object */ = {
			isa = PBXProject;
			attributes = {
				BuildIndependentTargetsInParallel = 1;
				LastSwiftUpdateCheck = 1310;
				LastUpgradeCheck = 1310;
				TargetAttributes = {
					A552B2CF2753CDAD00F1EB5E = {
						CreatedOnToolsVersion = 13.1;
					};
				};
			};
			buildConfigurationList = A552B2CB2753CDAD00F1EB5E /* Build configuration list for PBXProject "CryptoApp" */;
			compatibilityVersion = "Xcode 13.0";
			developmentRegion = en;
			hasScannedForEncodings = 0;
			knownRegions = (
				en,
				Base,
			);
			mainGroup = A552B2C72753CDAD00F1EB5E;
			productRefGroup = A552B2D12753CDAD00F1EB5E /* Products */;
			projectDirPath = "";
			projectRoot = "";
			targets = (
				A552B2CF2753CDAD00F1EB5E /* CryptoApp */,
			);
		};
/* End PBXProject section */

/* Begin PBXResourcesBuildPhase section */
		A552B2CE2753CDAD00F1EB5E /* Resources */ = {
			isa = PBXResourcesBuildPhase;
			buildActionMask = 2147483647;
			files = (
				A552B2DB2753CDAF00F1EB5E /* Preview Assets.xcassets in Resources */,
				A552B2E22753CE0300F1EB5E /* Assets.xcassets in Resources */,
			);
			runOnlyForDeploymentPostprocessing = 0;
		};
/* End PBXResourcesBuildPhase section */

/* Begin PBXSourcesBuildPhase section */
		A552B2CC2753CDAD00F1EB5E /* Sources */ = {
			isa = PBXSourcesBuildPhase;
			buildActionMask = 2147483647;
			files = (
				A552B2FA2753E06A00F1EB5E /* DoubleExtension.swift in Sources */,
				A5A711D12764CC9E00478119 /* StatisticModel.swift in Sources */,
				A552B2F62753DB8B00F1EB5E /* CoinRowView.swift in Sources */,
				A52DEAEE275BE76D0033BAA8 /* UIApplicationExtension.swift in Sources */,
				A552B2E52753CE6F00F1EB5E /* ColorExtension.swift in Sources */,
				A552B2EB2753CF5A00F1EB5E /* HomeView.swift in Sources */,
				A552B3012753F0E800F1EB5E /* CoinDataService.swift in Sources */,
				A552B2EF2753D06C00F1EB5E /* CircleButtonView.swift in Sources */,
				A552B30B275401A300F1EB5E /* CoinImageService.swift in Sources */,
				A5A711D32764CE4B00478119 /* StatisticView.swift in Sources */,
				A552B2FC2753E6B800F1EB5E /* ViewExtension.swift in Sources */,
				A552B2FE2753EB9600F1EB5E /* HomeViewModel.swift in Sources */,
				A552B2D42753CDAD00F1EB5E /* CryptoAppApp.swift in Sources */,
				A5A711D52764D16F00478119 /* HomeStatsView.swift in Sources */,
				A52DEAEA275BC8890033BAA8 /* PrintConsole.swift in Sources */,
				A52DEAE8275BC4D40033BAA8 /* LocalFileManager.swift in Sources */,
				A52DEAEC275BE1E00033BAA8 /* SearchBarView.swift in Sources */,
				A552B2F12753D26500F1EB5E /* CircleButtonAnimationView.swift in Sources */,
				A552B3092754009C00F1EB5E /* CoinImageViewModel.swift in Sources */,
				A552B3072754005200F1EB5E /* CoinImageView.swift in Sources */,
				A552B2F82753DC7100F1EB5E /* PreviewProviderExtension.swift in Sources */,
				A552B2F42753D4E800F1EB5E /* CoinModel.swift in Sources */,
				A552B3042753F9DF00F1EB5E /* NetworkingManager.swift in Sources */,
			);
			runOnlyForDeploymentPostprocessing = 0;
		};
/* End PBXSourcesBuildPhase section */

/* Begin XCBuildConfiguration section */
		A552B2DC2753CDAF00F1EB5E /* Debug */ = {
			isa = XCBuildConfiguration;
			buildSettings = {
				ALWAYS_SEARCH_USER_PATHS = NO;
				CLANG_ANALYZER_NONNULL = YES;
				CLANG_ANALYZER_NUMBER_OBJECT_CONVERSION = YES_AGGRESSIVE;
				CLANG_CXX_LANGUAGE_STANDARD = "gnu++17";
				CLANG_CXX_LIBRARY = "libc++";
				CLANG_ENABLE_MODULES = YES;
				CLANG_ENABLE_OBJC_ARC = YES;
				CLANG_ENABLE_OBJC_WEAK = YES;
				CLANG_WARN_BLOCK_CAPTURE_AUTORELEASING = YES;
				CLANG_WARN_BOOL_CONVERSION = YES;
				CLANG_WARN_COMMA = YES;
				CLANG_WARN_CONSTANT_CONVERSION = YES;
				CLANG_WARN_DEPRECATED_OBJC_IMPLEMENTATIONS = YES;
				CLANG_WARN_DIRECT_OBJC_ISA_USAGE = YES_ERROR;
				CLANG_WARN_DOCUMENTATION_COMMENTS = YES;
				CLANG_WARN_EMPTY_BODY = YES;
				CLANG_WARN_ENUM_CONVERSION = YES;
				CLANG_WARN_INFINITE_RECURSION = YES;
				CLANG_WARN_INT_CONVERSION = YES;
				CLANG_WARN_NON_LITERAL_NULL_CONVERSION = YES;
				CLANG_WARN_OBJC_IMPLICIT_RETAIN_SELF = YES;
				CLANG_WARN_OBJC_LITERAL_CONVERSION = YES;
				CLANG_WARN_OBJC_ROOT_CLASS = YES_ERROR;
				CLANG_WARN_QUOTED_INCLUDE_IN_FRAMEWORK_HEADER = YES;
				CLANG_WARN_RANGE_LOOP_ANALYSIS = YES;
				CLANG_WARN_STRICT_PROTOTYPES = YES;
				CLANG_WARN_SUSPICIOUS_MOVE = YES;
				CLANG_WARN_UNGUARDED_AVAILABILITY = YES_AGGRESSIVE;
				CLANG_WARN_UNREACHABLE_CODE = YES;
				CLANG_WARN__DUPLICATE_METHOD_MATCH = YES;
				COPY_PHASE_STRIP = NO;
				DEBUG_INFORMATION_FORMAT = dwarf;
				ENABLE_STRICT_OBJC_MSGSEND = YES;
				ENABLE_TESTABILITY = YES;
				GCC_C_LANGUAGE_STANDARD = gnu11;
				GCC_DYNAMIC_NO_PIC = NO;
				GCC_NO_COMMON_BLOCKS = YES;
				GCC_OPTIMIZATION_LEVEL = 0;
				GCC_PREPROCESSOR_DEFINITIONS = (
					"DEBUG=1",
					"$(inherited)",
				);
				GCC_WARN_64_TO_32_BIT_CONVERSION = YES;
				GCC_WARN_ABOUT_RETURN_TYPE = YES_ERROR;
				GCC_WARN_UNDECLARED_SELECTOR = YES;
				GCC_WARN_UNINITIALIZED_AUTOS = YES_AGGRESSIVE;
				GCC_WARN_UNUSED_FUNCTION = YES;
				GCC_WARN_UNUSED_VARIABLE = YES;
				IPHONEOS_DEPLOYMENT_TARGET = 15.0;
				MTL_ENABLE_DEBUG_INFO = INCLUDE_SOURCE;
				MTL_FAST_MATH = YES;
				ONLY_ACTIVE_ARCH = YES;
				SDKROOT = iphoneos;
				SWIFT_ACTIVE_COMPILATION_CONDITIONS = DEBUG;
				SWIFT_OPTIMIZATION_LEVEL = "-Onone";
			};
			name = Debug;
		};
		A552B2DD2753CDAF00F1EB5E /* Release */ = {
			isa = XCBuildConfiguration;
			buildSettings = {
				ALWAYS_SEARCH_USER_PATHS = NO;
				CLANG_ANALYZER_NONNULL = YES;
				CLANG_ANALYZER_NUMBER_OBJECT_CONVERSION = YES_AGGRESSIVE;
				CLANG_CXX_LANGUAGE_STANDARD = "gnu++17";
				CLANG_CXX_LIBRARY = "libc++";
				CLANG_ENABLE_MODULES = YES;
				CLANG_ENABLE_OBJC_ARC = YES;
				CLANG_ENABLE_OBJC_WEAK = YES;
				CLANG_WARN_BLOCK_CAPTURE_AUTORELEASING = YES;
				CLANG_WARN_BOOL_CONVERSION = YES;
				CLANG_WARN_COMMA = YES;
				CLANG_WARN_CONSTANT_CONVERSION = YES;
				CLANG_WARN_DEPRECATED_OBJC_IMPLEMENTATIONS = YES;
				CLANG_WARN_DIRECT_OBJC_ISA_USAGE = YES_ERROR;
				CLANG_WARN_DOCUMENTATION_COMMENTS = YES;
				CLANG_WARN_EMPTY_BODY = YES;
				CLANG_WARN_ENUM_CONVERSION = YES;
				CLANG_WARN_INFINITE_RECURSION = YES;
				CLANG_WARN_INT_CONVERSION = YES;
				CLANG_WARN_NON_LITERAL_NULL_CONVERSION = YES;
				CLANG_WARN_OBJC_IMPLICIT_RETAIN_SELF = YES;
				CLANG_WARN_OBJC_LITERAL_CONVERSION = YES;
				CLANG_WARN_OBJC_ROOT_CLASS = YES_ERROR;
				CLANG_WARN_QUOTED_INCLUDE_IN_FRAMEWORK_HEADER = YES;
				CLANG_WARN_RANGE_LOOP_ANALYSIS = YES;
				CLANG_WARN_STRICT_PROTOTYPES = YES;
				CLANG_WARN_SUSPICIOUS_MOVE = YES;
				CLANG_WARN_UNGUARDED_AVAILABILITY = YES_AGGRESSIVE;
				CLANG_WARN_UNREACHABLE_CODE = YES;
				CLANG_WARN__DUPLICATE_METHOD_MATCH = YES;
				COPY_PHASE_STRIP = NO;
				DEBUG_INFORMATION_FORMAT = "dwarf-with-dsym";
				ENABLE_NS_ASSERTIONS = NO;
				ENABLE_STRICT_OBJC_MSGSEND = YES;
				GCC_C_LANGUAGE_STANDARD = gnu11;
				GCC_NO_COMMON_BLOCKS = YES;
				GCC_WARN_64_TO_32_BIT_CONVERSION = YES;
				GCC_WARN_ABOUT_RETURN_TYPE = YES_ERROR;
				GCC_WARN_UNDECLARED_SELECTOR = YES;
				GCC_WARN_UNINITIALIZED_AUTOS = YES_AGGRESSIVE;
				GCC_WARN_UNUSED_FUNCTION = YES;
				GCC_WARN_UNUSED_VARIABLE = YES;
				IPHONEOS_DEPLOYMENT_TARGET = 15.0;
				MTL_ENABLE_DEBUG_INFO = NO;
				MTL_FAST_MATH = YES;
				SDKROOT = iphoneos;
				SWIFT_COMPILATION_MODE = wholemodule;
				SWIFT_OPTIMIZATION_LEVEL = "-O";
				VALIDATE_PRODUCT = YES;
			};
			name = Release;
		};
		A552B2DF2753CDAF00F1EB5E /* Debug */ = {
			isa = XCBuildConfiguration;
			buildSettings = {
				ASSETCATALOG_COMPILER_APPICON_NAME = AppIcon;
				ASSETCATALOG_COMPILER_GLOBAL_ACCENT_COLOR_NAME = AccentColor;
				CODE_SIGN_STYLE = Automatic;
				CURRENT_PROJECT_VERSION = 1;
				DEVELOPMENT_ASSET_PATHS = "\"CryptoApp/Preview Content\"";
				DEVELOPMENT_TEAM = TKWP3RAB75;
				ENABLE_PREVIEWS = YES;
				GENERATE_INFOPLIST_FILE = YES;
				INFOPLIST_KEY_UIApplicationSceneManifest_Generation = YES;
				INFOPLIST_KEY_UIApplicationSupportsIndirectInputEvents = YES;
				INFOPLIST_KEY_UILaunchScreen_Generation = YES;
				INFOPLIST_KEY_UISupportedInterfaceOrientations = UIInterfaceOrientationPortrait;
				INFOPLIST_KEY_UISupportedInterfaceOrientations_iPad = "UIInterfaceOrientationPortrait UIInterfaceOrientationPortraitUpsideDown UIInterfaceOrientationLandscapeLeft UIInterfaceOrientationLandscapeRight";
				INFOPLIST_KEY_UISupportedInterfaceOrientations_iPhone = "UIInterfaceOrientationPortrait UIInterfaceOrientationLandscapeLeft UIInterfaceOrientationLandscapeRight";
				IPHONEOS_DEPLOYMENT_TARGET = 14.0;
				LD_RUNPATH_SEARCH_PATHS = (
					"$(inherited)",
					"@executable_path/Frameworks",
				);
				MARKETING_VERSION = 1.0;
				PRODUCT_BUNDLE_IDENTIFIER = br.com.seeit.CryptoApp;
				PRODUCT_NAME = "Crypto Tracker";
				SWIFT_EMIT_LOC_STRINGS = YES;
				SWIFT_VERSION = 5.0;
				TARGETED_DEVICE_FAMILY = "1,2";
			};
			name = Debug;
		};
		A552B2E02753CDAF00F1EB5E /* Release */ = {
			isa = XCBuildConfiguration;
			buildSettings = {
				ASSETCATALOG_COMPILER_APPICON_NAME = AppIcon;
				ASSETCATALOG_COMPILER_GLOBAL_ACCENT_COLOR_NAME = AccentColor;
				CODE_SIGN_STYLE = Automatic;
				CURRENT_PROJECT_VERSION = 1;
				DEVELOPMENT_ASSET_PATHS = "\"CryptoApp/Preview Content\"";
				DEVELOPMENT_TEAM = TKWP3RAB75;
				ENABLE_PREVIEWS = YES;
				GENERATE_INFOPLIST_FILE = YES;
				INFOPLIST_KEY_UIApplicationSceneManifest_Generation = YES;
				INFOPLIST_KEY_UIApplicationSupportsIndirectInputEvents = YES;
				INFOPLIST_KEY_UILaunchScreen_Generation = YES;
				INFOPLIST_KEY_UISupportedInterfaceOrientations = UIInterfaceOrientationPortrait;
				INFOPLIST_KEY_UISupportedInterfaceOrientations_iPad = "UIInterfaceOrientationPortrait UIInterfaceOrientationPortraitUpsideDown UIInterfaceOrientationLandscapeLeft UIInterfaceOrientationLandscapeRight";
				INFOPLIST_KEY_UISupportedInterfaceOrientations_iPhone = "UIInterfaceOrientationPortrait UIInterfaceOrientationLandscapeLeft UIInterfaceOrientationLandscapeRight";
				IPHONEOS_DEPLOYMENT_TARGET = 14.0;
				LD_RUNPATH_SEARCH_PATHS = (
					"$(inherited)",
					"@executable_path/Frameworks",
				);
				MARKETING_VERSION = 1.0;
				PRODUCT_BUNDLE_IDENTIFIER = br.com.seeit.CryptoApp;
				PRODUCT_NAME = "Crypto Tracker";
				SWIFT_EMIT_LOC_STRINGS = YES;
				SWIFT_VERSION = 5.0;
				TARGETED_DEVICE_FAMILY = "1,2";
			};
			name = Release;
		};
/* End XCBuildConfiguration section */

/* Begin XCConfigurationList section */
		A552B2CB2753CDAD00F1EB5E /* Build configuration list for PBXProject "CryptoApp" */ = {
			isa = XCConfigurationList;
			buildConfigurations = (
				A552B2DC2753CDAF00F1EB5E /* Debug */,
				A552B2DD2753CDAF00F1EB5E /* Release */,
			);
			defaultConfigurationIsVisible = 0;
			defaultConfigurationName = Release;
		};
		A552B2DE2753CDAF00F1EB5E /* Build configuration list for PBXNativeTarget "CryptoApp" */ = {
			isa = XCConfigurationList;
			buildConfigurations = (
				A552B2DF2753CDAF00F1EB5E /* Debug */,
				A552B2E02753CDAF00F1EB5E /* Release */,
			);
			defaultConfigurationIsVisible = 0;
			defaultConfigurationName = Release;
		};
/* End XCConfigurationList section */
	};
	rootObject = A552B2C82753CDAD00F1EB5E /* Project object */;
}
